// !$*UTF8*$!
{
	archiveVersion = 1;
	classes = {
	};
	objectVersion = 56;
	objects = {

/* Begin PBXBuildFile section */
		1A1BD28329FF4B7900268715 /* ChatViewController.swift in Sources */ = {isa = PBXBuildFile; fileRef = 1A1BD28229FF4B7900268715 /* ChatViewController.swift */; };
		1A1BD28529FF4B9800268715 /* Chat.storyboard in Resources */ = {isa = PBXBuildFile; fileRef = 1A1BD28429FF4B9800268715 /* Chat.storyboard */; };
		1A1BD28829FF4FF400268715 /* R.generated.swift in Sources */ = {isa = PBXBuildFile; fileRef = 1A1BD28729FF4FF400268715 /* R.generated.swift */; };
		1A1BD28A29FF50D600268715 /* ChatViewModel.swift in Sources */ = {isa = PBXBuildFile; fileRef = 1A1BD28929FF50D600268715 /* ChatViewModel.swift */; };
		1A1BD29B29FF52AB00268715 /* Date.swift in Sources */ = {isa = PBXBuildFile; fileRef = 1A1BD29229FF52AB00268715 /* Date.swift */; };
		1A1BD29C29FF52AB00268715 /* UIView.swift in Sources */ = {isa = PBXBuildFile; fileRef = 1A1BD29329FF52AB00268715 /* UIView.swift */; };
		1A1BD29D29FF52AB00268715 /* UIColor.swift in Sources */ = {isa = PBXBuildFile; fileRef = 1A1BD29429FF52AB00268715 /* UIColor.swift */; };
		1A1BD29E29FF52AB00268715 /* String.swift in Sources */ = {isa = PBXBuildFile; fileRef = 1A1BD29529FF52AB00268715 /* String.swift */; };
		1A1BD29F29FF52AB00268715 /* UIImage.swift in Sources */ = {isa = PBXBuildFile; fileRef = 1A1BD29629FF52AB00268715 /* UIImage.swift */; };
		1A1BD2A029FF52AB00268715 /* DateFormatter.swift in Sources */ = {isa = PBXBuildFile; fileRef = 1A1BD29729FF52AB00268715 /* DateFormatter.swift */; };
		1A1BD2A129FF52AB00268715 /* UIImageView.swift in Sources */ = {isa = PBXBuildFile; fileRef = 1A1BD29829FF52AB00268715 /* UIImageView.swift */; };
		1A1BD2A229FF52AB00268715 /* UIViewController+StatusBar.swift in Sources */ = {isa = PBXBuildFile; fileRef = 1A1BD29929FF52AB00268715 /* UIViewController+StatusBar.swift */; };
		1A1BD2A329FF52AB00268715 /* AKLibrary.swift in Sources */ = {isa = PBXBuildFile; fileRef = 1A1BD29A29FF52AB00268715 /* AKLibrary.swift */; };
		1A1BD2A829FF5E2700268715 /* ChatGPTResponse.swift in Sources */ = {isa = PBXBuildFile; fileRef = 1A1BD2A729FF5E2700268715 /* ChatGPTResponse.swift */; };
		1A1BD2AA2A00E80400268715 /* Entity.swift in Sources */ = {isa = PBXBuildFile; fileRef = 1A1BD2A92A00E80400268715 /* Entity.swift */; };
		1A1BD2AC2A00E9C200268715 /* Mock.swift in Sources */ = {isa = PBXBuildFile; fileRef = 1A1BD2AB2A00E9C200268715 /* Mock.swift */; };
		1A1BD2AE2A00F80C00268715 /* DataManager.swift in Sources */ = {isa = PBXBuildFile; fileRef = 1A1BD2AD2A00F80C00268715 /* DataManager.swift */; };
		1A1BD2B12A0140C200268715 /* prompt1.txt in Resources */ = {isa = PBXBuildFile; fileRef = 1A1BD2B02A0140C200268715 /* prompt1.txt */; };
		1A75DB3729FF43AC007C0C68 /* AppDelegate.swift in Sources */ = {isa = PBXBuildFile; fileRef = 1A75DB3629FF43AC007C0C68 /* AppDelegate.swift */; };
		1A75DB3929FF43AC007C0C68 /* SceneDelegate.swift in Sources */ = {isa = PBXBuildFile; fileRef = 1A75DB3829FF43AC007C0C68 /* SceneDelegate.swift */; };
		1A75DB3B29FF43AC007C0C68 /* ViewController.swift in Sources */ = {isa = PBXBuildFile; fileRef = 1A75DB3A29FF43AC007C0C68 /* ViewController.swift */; };
		1A75DB3E29FF43AC007C0C68 /* Main.storyboard in Resources */ = {isa = PBXBuildFile; fileRef = 1A75DB3C29FF43AC007C0C68 /* Main.storyboard */; };
		1A75DB4029FF43AE007C0C68 /* Assets.xcassets in Resources */ = {isa = PBXBuildFile; fileRef = 1A75DB3F29FF43AE007C0C68 /* Assets.xcassets */; };
		1A75DB4329FF43AE007C0C68 /* LaunchScreen.storyboard in Resources */ = {isa = PBXBuildFile; fileRef = 1A75DB4129FF43AE007C0C68 /* LaunchScreen.storyboard */; };
		7B5F179B69C5FC0C78A58952 /* Pods_ProMe.framework in Frameworks */ = {isa = PBXBuildFile; fileRef = 97885B8D3694C5D2F1AB0107 /* Pods_ProMe.framework */; };
/* End PBXBuildFile section */

/* Begin PBXFileReference section */
		1A1BD28229FF4B7900268715 /* ChatViewController.swift */ = {isa = PBXFileReference; lastKnownFileType = sourcecode.swift; path = ChatViewController.swift; sourceTree = "<group>"; };
		1A1BD28429FF4B9800268715 /* Chat.storyboard */ = {isa = PBXFileReference; lastKnownFileType = file.storyboard; path = Chat.storyboard; sourceTree = "<group>"; };
		1A1BD28729FF4FF400268715 /* R.generated.swift */ = {isa = PBXFileReference; fileEncoding = 4; lastKnownFileType = sourcecode.swift; path = R.generated.swift; sourceTree = "<group>"; };
		1A1BD28929FF50D600268715 /* ChatViewModel.swift */ = {isa = PBXFileReference; lastKnownFileType = sourcecode.swift; path = ChatViewModel.swift; sourceTree = "<group>"; };
		1A1BD29229FF52AB00268715 /* Date.swift */ = {isa = PBXFileReference; fileEncoding = 4; lastKnownFileType = sourcecode.swift; path = Date.swift; sourceTree = "<group>"; };
		1A1BD29329FF52AB00268715 /* UIView.swift */ = {isa = PBXFileReference; fileEncoding = 4; lastKnownFileType = sourcecode.swift; path = UIView.swift; sourceTree = "<group>"; };
		1A1BD29429FF52AB00268715 /* UIColor.swift */ = {isa = PBXFileReference; fileEncoding = 4; lastKnownFileType = sourcecode.swift; path = UIColor.swift; sourceTree = "<group>"; };
		1A1BD29529FF52AB00268715 /* String.swift */ = {isa = PBXFileReference; fileEncoding = 4; lastKnownFileType = sourcecode.swift; path = String.swift; sourceTree = "<group>"; };
		1A1BD29629FF52AB00268715 /* UIImage.swift */ = {isa = PBXFileReference; fileEncoding = 4; lastKnownFileType = sourcecode.swift; path = UIImage.swift; sourceTree = "<group>"; };
		1A1BD29729FF52AB00268715 /* DateFormatter.swift */ = {isa = PBXFileReference; fileEncoding = 4; lastKnownFileType = sourcecode.swift; path = DateFormatter.swift; sourceTree = "<group>"; };
		1A1BD29829FF52AB00268715 /* UIImageView.swift */ = {isa = PBXFileReference; fileEncoding = 4; lastKnownFileType = sourcecode.swift; path = UIImageView.swift; sourceTree = "<group>"; };
		1A1BD29929FF52AB00268715 /* UIViewController+StatusBar.swift */ = {isa = PBXFileReference; fileEncoding = 4; lastKnownFileType = sourcecode.swift; path = "UIViewController+StatusBar.swift"; sourceTree = "<group>"; };
		1A1BD29A29FF52AB00268715 /* AKLibrary.swift */ = {isa = PBXFileReference; fileEncoding = 4; lastKnownFileType = sourcecode.swift; path = AKLibrary.swift; sourceTree = "<group>"; };
		1A1BD2A729FF5E2700268715 /* ChatGPTResponse.swift */ = {isa = PBXFileReference; lastKnownFileType = sourcecode.swift; path = ChatGPTResponse.swift; sourceTree = "<group>"; };
		1A1BD2A92A00E80400268715 /* Entity.swift */ = {isa = PBXFileReference; lastKnownFileType = sourcecode.swift; path = Entity.swift; sourceTree = "<group>"; };
		1A1BD2AB2A00E9C200268715 /* Mock.swift */ = {isa = PBXFileReference; lastKnownFileType = sourcecode.swift; path = Mock.swift; sourceTree = "<group>"; };
		1A1BD2AD2A00F80C00268715 /* DataManager.swift */ = {isa = PBXFileReference; lastKnownFileType = sourcecode.swift; path = DataManager.swift; sourceTree = "<group>"; };
		1A1BD2AF2A013CBA00268715 /* prompt.txt */ = {isa = PBXFileReference; lastKnownFileType = text; path = prompt.txt; sourceTree = "<group>"; };
		1A1BD2B02A0140C200268715 /* prompt1.txt */ = {isa = PBXFileReference; fileEncoding = 4; lastKnownFileType = text; path = prompt1.txt; sourceTree = "<group>"; };
		1A75DB3329FF43AC007C0C68 /* ProMe.app */ = {isa = PBXFileReference; explicitFileType = wrapper.application; includeInIndex = 0; path = ProMe.app; sourceTree = BUILT_PRODUCTS_DIR; };
		1A75DB3629FF43AC007C0C68 /* AppDelegate.swift */ = {isa = PBXFileReference; lastKnownFileType = sourcecode.swift; path = AppDelegate.swift; sourceTree = "<group>"; };
		1A75DB3829FF43AC007C0C68 /* SceneDelegate.swift */ = {isa = PBXFileReference; lastKnownFileType = sourcecode.swift; path = SceneDelegate.swift; sourceTree = "<group>"; };
		1A75DB3A29FF43AC007C0C68 /* ViewController.swift */ = {isa = PBXFileReference; lastKnownFileType = sourcecode.swift; path = ViewController.swift; sourceTree = "<group>"; };
		1A75DB3D29FF43AC007C0C68 /* Base */ = {isa = PBXFileReference; lastKnownFileType = file.storyboard; name = Base; path = Base.lproj/Main.storyboard; sourceTree = "<group>"; };
		1A75DB3F29FF43AE007C0C68 /* Assets.xcassets */ = {isa = PBXFileReference; lastKnownFileType = folder.assetcatalog; path = Assets.xcassets; sourceTree = "<group>"; };
		1A75DB4229FF43AE007C0C68 /* Base */ = {isa = PBXFileReference; lastKnownFileType = file.storyboard; name = Base; path = Base.lproj/LaunchScreen.storyboard; sourceTree = "<group>"; };
		1A75DB4429FF43AE007C0C68 /* Info.plist */ = {isa = PBXFileReference; lastKnownFileType = text.plist.xml; path = Info.plist; sourceTree = "<group>"; };
		4F2960D0508E21AF2AE64AE2 /* Pods-ProMe.debug.xcconfig */ = {isa = PBXFileReference; includeInIndex = 1; lastKnownFileType = text.xcconfig; name = "Pods-ProMe.debug.xcconfig"; path = "Target Support Files/Pods-ProMe/Pods-ProMe.debug.xcconfig"; sourceTree = "<group>"; };
		97885B8D3694C5D2F1AB0107 /* Pods_ProMe.framework */ = {isa = PBXFileReference; explicitFileType = wrapper.framework; includeInIndex = 0; path = Pods_ProMe.framework; sourceTree = BUILT_PRODUCTS_DIR; };
		9B972CC468D9330E2E03C996 /* Pods-ProMe.release.xcconfig */ = {isa = PBXFileReference; includeInIndex = 1; lastKnownFileType = text.xcconfig; name = "Pods-ProMe.release.xcconfig"; path = "Target Support Files/Pods-ProMe/Pods-ProMe.release.xcconfig"; sourceTree = "<group>"; };
/* End PBXFileReference section */

/* Begin PBXFrameworksBuildPhase section */
		1A75DB3029FF43AC007C0C68 /* Frameworks */ = {
			isa = PBXFrameworksBuildPhase;
			buildActionMask = 2147483647;
			files = (
				7B5F179B69C5FC0C78A58952 /* Pods_ProMe.framework in Frameworks */,
			);
			runOnlyForDeploymentPostprocessing = 0;
		};
/* End PBXFrameworksBuildPhase section */

/* Begin PBXGroup section */
		1A1BD27B29FF474500268715 /* App */ = {
			isa = PBXGroup;
			children = (
				1A1BD29029FF52AB00268715 /* AKLibrary */,
				1A1BD27C29FF475200268715 /* Model */,
				1A1BD27F29FF476F00268715 /* etc */,
				1A1BD27E29FF476800268715 /* View */,
			);
			path = App;
			sourceTree = "<group>";
		};
		1A1BD27C29FF475200268715 /* Model */ = {
			isa = PBXGroup;
			children = (
				1A1BD2A729FF5E2700268715 /* ChatGPTResponse.swift */,
				1A1BD2A92A00E80400268715 /* Entity.swift */,
				1A1BD2AD2A00F80C00268715 /* DataManager.swift */,
			);
			path = Model;
			sourceTree = "<group>";
		};
		1A1BD27E29FF476800268715 /* View */ = {
			isa = PBXGroup;
			children = (
				1A75DB3629FF43AC007C0C68 /* AppDelegate.swift */,
				1A75DB3829FF43AC007C0C68 /* SceneDelegate.swift */,
				1A1BD28029FF479F00268715 /* Main */,
				1A1BD28129FF4B4E00268715 /* Chat */,
			);
			path = View;
			sourceTree = "<group>";
		};
		1A1BD27F29FF476F00268715 /* etc */ = {
			isa = PBXGroup;
			children = (
				1A75DB3F29FF43AE007C0C68 /* Assets.xcassets */,
				1A75DB4129FF43AE007C0C68 /* LaunchScreen.storyboard */,
			);
			path = etc;
			sourceTree = "<group>";
		};
		1A1BD28029FF479F00268715 /* Main */ = {
			isa = PBXGroup;
			children = (
				1A75DB3A29FF43AC007C0C68 /* ViewController.swift */,
				1A75DB3C29FF43AC007C0C68 /* Main.storyboard */,
			);
			path = Main;
			sourceTree = "<group>";
		};
		1A1BD28129FF4B4E00268715 /* Chat */ = {
			isa = PBXGroup;
			children = (
				1A1BD2B02A0140C200268715 /* prompt1.txt */,
				1A1BD2AF2A013CBA00268715 /* prompt.txt */,
				1A1BD28929FF50D600268715 /* ChatViewModel.swift */,
				1A1BD28229FF4B7900268715 /* ChatViewController.swift */,
				1A1BD28429FF4B9800268715 /* Chat.storyboard */,
				1A1BD2AB2A00E9C200268715 /* Mock.swift */,
			);
			path = Chat;
			sourceTree = "<group>";
		};
		1A1BD29029FF52AB00268715 /* AKLibrary */ = {
			isa = PBXGroup;
			children = (
				1A1BD29129FF52AB00268715 /* Extension */,
				1A1BD29A29FF52AB00268715 /* AKLibrary.swift */,
			);
			path = AKLibrary;
			sourceTree = "<group>";
		};
		1A1BD29129FF52AB00268715 /* Extension */ = {
			isa = PBXGroup;
			children = (
				1A1BD29229FF52AB00268715 /* Date.swift */,
				1A1BD29329FF52AB00268715 /* UIView.swift */,
				1A1BD29429FF52AB00268715 /* UIColor.swift */,
				1A1BD29529FF52AB00268715 /* String.swift */,
				1A1BD29629FF52AB00268715 /* UIImage.swift */,
				1A1BD29729FF52AB00268715 /* DateFormatter.swift */,
				1A1BD29829FF52AB00268715 /* UIImageView.swift */,
				1A1BD29929FF52AB00268715 /* UIViewController+StatusBar.swift */,
			);
			path = Extension;
			sourceTree = "<group>";
		};
		1A75DB2A29FF43AC007C0C68 = {
			isa = PBXGroup;
			children = (
				1A1BD28729FF4FF400268715 /* R.generated.swift */,
				1A75DB3529FF43AC007C0C68 /* ProMe */,
				1A75DB3429FF43AC007C0C68 /* Products */,
				E26DFA31844F0BF0DA35A715 /* Pods */,
				CCA5002721AE26B9CF93677A /* Frameworks */,
			);
			sourceTree = "<group>";
		};
		1A75DB3429FF43AC007C0C68 /* Products */ = {
			isa = PBXGroup;
			children = (
				1A75DB3329FF43AC007C0C68 /* ProMe.app */,
			);
			name = Products;
			sourceTree = "<group>";
		};
		1A75DB3529FF43AC007C0C68 /* ProMe */ = {
			isa = PBXGroup;
			children = (
				1A1BD27B29FF474500268715 /* App */,
				1A75DB4429FF43AE007C0C68 /* Info.plist */,
			);
			path = ProMe;
			sourceTree = "<group>";
		};
		CCA5002721AE26B9CF93677A /* Frameworks */ = {
			isa = PBXGroup;
			children = (
				97885B8D3694C5D2F1AB0107 /* Pods_ProMe.framework */,
			);
			name = Frameworks;
			sourceTree = "<group>";
		};
		E26DFA31844F0BF0DA35A715 /* Pods */ = {
			isa = PBXGroup;
			children = (
				4F2960D0508E21AF2AE64AE2 /* Pods-ProMe.debug.xcconfig */,
				9B972CC468D9330E2E03C996 /* Pods-ProMe.release.xcconfig */,
			);
			path = Pods;
			sourceTree = "<group>";
		};
/* End PBXGroup section */

/* Begin PBXNativeTarget section */
		1A75DB3229FF43AC007C0C68 /* ProMe */ = {
			isa = PBXNativeTarget;
			buildConfigurationList = 1A75DB4729FF43AE007C0C68 /* Build configuration list for PBXNativeTarget "ProMe" */;
			buildPhases = (
				EDCDD073C9805D457F169575 /* [CP] Check Pods Manifest.lock */,
				1A1BD28629FF4F1C00268715 /* Run Script R.Swift */,
				1A75DB2F29FF43AC007C0C68 /* Sources */,
				1A75DB3029FF43AC007C0C68 /* Frameworks */,
				1A75DB3129FF43AC007C0C68 /* Resources */,
				C18454324FA102D9E67DD872 /* [CP] Embed Pods Frameworks */,
			);
			buildRules = (
			);
			dependencies = (
			);
			name = ProMe;
			productName = ProMe;
			productReference = 1A75DB3329FF43AC007C0C68 /* ProMe.app */;
			productType = "com.apple.product-type.application";
		};
/* End PBXNativeTarget section */

/* Begin PBXProject section */
		1A75DB2B29FF43AC007C0C68 /* Project object */ = {
			isa = PBXProject;
			attributes = {
				BuildIndependentTargetsInParallel = 1;
				LastSwiftUpdateCheck = 1420;
				LastUpgradeCheck = 1420;
				TargetAttributes = {
					1A75DB3229FF43AC007C0C68 = {
						CreatedOnToolsVersion = 14.2;
					};
				};
			};
			buildConfigurationList = 1A75DB2E29FF43AC007C0C68 /* Build configuration list for PBXProject "ProMe" */;
			compatibilityVersion = "Xcode 14.0";
			developmentRegion = en;
			hasScannedForEncodings = 0;
			knownRegions = (
				en,
				Base,
			);
			mainGroup = 1A75DB2A29FF43AC007C0C68;
			productRefGroup = 1A75DB3429FF43AC007C0C68 /* Products */;
			projectDirPath = "";
			projectRoot = "";
			targets = (
				1A75DB3229FF43AC007C0C68 /* ProMe */,
			);
		};
/* End PBXProject section */

/* Begin PBXResourcesBuildPhase section */
		1A75DB3129FF43AC007C0C68 /* Resources */ = {
			isa = PBXResourcesBuildPhase;
			buildActionMask = 2147483647;
			files = (
				1A75DB4329FF43AE007C0C68 /* LaunchScreen.storyboard in Resources */,
				1A1BD2B12A0140C200268715 /* prompt1.txt in Resources */,
				1A75DB4029FF43AE007C0C68 /* Assets.xcassets in Resources */,
				1A1BD28529FF4B9800268715 /* Chat.storyboard in Resources */,
				1A75DB3E29FF43AC007C0C68 /* Main.storyboard in Resources */,
			);
			runOnlyForDeploymentPostprocessing = 0;
		};
/* End PBXResourcesBuildPhase section */

/* Begin PBXShellScriptBuildPhase section */
		1A1BD28629FF4F1C00268715 /* Run Script R.Swift */ = {
			isa = PBXShellScriptBuildPhase;
			buildActionMask = 2147483647;
			files = (
			);
			inputFileListPaths = (
			);
			inputPaths = (
				"$TEMP_DIR/rswift-lastrun",
			);
			name = "Run Script R.Swift";
			outputFileListPaths = (
			);
			outputPaths = (
				$SRCROOT/R.generated.swift,
			);
			runOnlyForDeploymentPostprocessing = 0;
			shellPath = /bin/sh;
			shellScript = "# Type a script or drag a script file from your workspace to insert its path.\n\"$PODS_ROOT/R.swift/rswift\" generate \"$SRCROOT/R.generated.swift\"\n";
		};
		C18454324FA102D9E67DD872 /* [CP] Embed Pods Frameworks */ = {
			isa = PBXShellScriptBuildPhase;
			buildActionMask = 2147483647;
			files = (
			);
			inputFileListPaths = (
				"${PODS_ROOT}/Target Support Files/Pods-ProMe/Pods-ProMe-frameworks-${CONFIGURATION}-input-files.xcfilelist",
			);
			name = "[CP] Embed Pods Frameworks";
			outputFileListPaths = (
				"${PODS_ROOT}/Target Support Files/Pods-ProMe/Pods-ProMe-frameworks-${CONFIGURATION}-output-files.xcfilelist",
			);
			runOnlyForDeploymentPostprocessing = 0;
			shellPath = /bin/sh;
			shellScript = "\"${PODS_ROOT}/Target Support Files/Pods-ProMe/Pods-ProMe-frameworks.sh\"\n";
			showEnvVarsInLog = 0;
		};
		EDCDD073C9805D457F169575 /* [CP] Check Pods Manifest.lock */ = {
			isa = PBXShellScriptBuildPhase;
			buildActionMask = 2147483647;
			files = (
			);
			inputFileListPaths = (
			);
			inputPaths = (
				"${PODS_PODFILE_DIR_PATH}/Podfile.lock",
				"${PODS_ROOT}/Manifest.lock",
			);
			name = "[CP] Check Pods Manifest.lock";
			outputFileListPaths = (
			);
			outputPaths = (
				"$(DERIVED_FILE_DIR)/Pods-ProMe-checkManifestLockResult.txt",
			);
			runOnlyForDeploymentPostprocessing = 0;
			shellPath = /bin/sh;
			shellScript = "diff \"${PODS_PODFILE_DIR_PATH}/Podfile.lock\" \"${PODS_ROOT}/Manifest.lock\" > /dev/null\nif [ $? != 0 ] ; then\n    # print error to STDERR\n    echo \"error: The sandbox is not in sync with the Podfile.lock. Run 'pod install' or update your CocoaPods installation.\" >&2\n    exit 1\nfi\n# This output is used by Xcode 'outputs' to avoid re-running this script phase.\necho \"SUCCESS\" > \"${SCRIPT_OUTPUT_FILE_0}\"\n";
			showEnvVarsInLog = 0;
		};
/* End PBXShellScriptBuildPhase section */

/* Begin PBXSourcesBuildPhase section */
		1A75DB2F29FF43AC007C0C68 /* Sources */ = {
			isa = PBXSourcesBuildPhase;
			buildActionMask = 2147483647;
			files = (
				1A75DB3B29FF43AC007C0C68 /* ViewController.swift in Sources */,
				1A1BD2A229FF52AB00268715 /* UIViewController+StatusBar.swift in Sources */,
				1A1BD29E29FF52AB00268715 /* String.swift in Sources */,
				1A1BD2A129FF52AB00268715 /* UIImageView.swift in Sources */,
				1A75DB3729FF43AC007C0C68 /* AppDelegate.swift in Sources */,
				1A1BD28829FF4FF400268715 /* R.generated.swift in Sources */,
				1A1BD2A029FF52AB00268715 /* DateFormatter.swift in Sources */,
				1A1BD2AA2A00E80400268715 /* Entity.swift in Sources */,
				1A1BD29B29FF52AB00268715 /* Date.swift in Sources */,
				1A1BD28329FF4B7900268715 /* ChatViewController.swift in Sources */,
				1A1BD28A29FF50D600268715 /* ChatViewModel.swift in Sources */,
				1A1BD2A829FF5E2700268715 /* ChatGPTResponse.swift in Sources */,
				1A1BD2A329FF52AB00268715 /* AKLibrary.swift in Sources */,
				1A1BD29C29FF52AB00268715 /* UIView.swift in Sources */,
				1A1BD2AE2A00F80C00268715 /* DataManager.swift in Sources */,
				1A1BD29F29FF52AB00268715 /* UIImage.swift in Sources */,
				1A75DB3929FF43AC007C0C68 /* SceneDelegate.swift in Sources */,
				1A1BD29D29FF52AB00268715 /* UIColor.swift in Sources */,
				1A1BD2AC2A00E9C200268715 /* Mock.swift in Sources */,
			);
			runOnlyForDeploymentPostprocessing = 0;
		};
/* End PBXSourcesBuildPhase section */

/* Begin PBXVariantGroup section */
		1A75DB3C29FF43AC007C0C68 /* Main.storyboard */ = {
			isa = PBXVariantGroup;
			children = (
				1A75DB3D29FF43AC007C0C68 /* Base */,
			);
			name = Main.storyboard;
			sourceTree = "<group>";
		};
		1A75DB4129FF43AE007C0C68 /* LaunchScreen.storyboard */ = {
			isa = PBXVariantGroup;
			children = (
				1A75DB4229FF43AE007C0C68 /* Base */,
			);
			name = LaunchScreen.storyboard;
			sourceTree = "<group>";
		};
/* End PBXVariantGroup section */

/* Begin XCBuildConfiguration section */
		1A75DB4529FF43AE007C0C68 /* Debug */ = {
			isa = XCBuildConfiguration;
			buildSettings = {
				ALWAYS_SEARCH_USER_PATHS = NO;
				CLANG_ANALYZER_NONNULL = YES;
				CLANG_ANALYZER_NUMBER_OBJECT_CONVERSION = YES_AGGRESSIVE;
				CLANG_CXX_LANGUAGE_STANDARD = "gnu++20";
				CLANG_ENABLE_MODULES = YES;
				CLANG_ENABLE_OBJC_ARC = YES;
				CLANG_ENABLE_OBJC_WEAK = YES;
				CLANG_WARN_BLOCK_CAPTURE_AUTORELEASING = YES;
				CLANG_WARN_BOOL_CONVERSION = YES;
				CLANG_WARN_COMMA = YES;
				CLANG_WARN_CONSTANT_CONVERSION = YES;
				CLANG_WARN_DEPRECATED_OBJC_IMPLEMENTATIONS = YES;
				CLANG_WARN_DIRECT_OBJC_ISA_USAGE = YES_ERROR;
				CLANG_WARN_DOCUMENTATION_COMMENTS = YES;
				CLANG_WARN_EMPTY_BODY = YES;
				CLANG_WARN_ENUM_CONVERSION = YES;
				CLANG_WARN_INFINITE_RECURSION = YES;
				CLANG_WARN_INT_CONVERSION = YES;
				CLANG_WARN_NON_LITERAL_NULL_CONVERSION = YES;
				CLANG_WARN_OBJC_IMPLICIT_RETAIN_SELF = YES;
				CLANG_WARN_OBJC_LITERAL_CONVERSION = YES;
				CLANG_WARN_OBJC_ROOT_CLASS = YES_ERROR;
				CLANG_WARN_QUOTED_INCLUDE_IN_FRAMEWORK_HEADER = YES;
				CLANG_WARN_RANGE_LOOP_ANALYSIS = YES;
				CLANG_WARN_STRICT_PROTOTYPES = YES;
				CLANG_WARN_SUSPICIOUS_MOVE = YES;
				CLANG_WARN_UNGUARDED_AVAILABILITY = YES_AGGRESSIVE;
				CLANG_WARN_UNREACHABLE_CODE = YES;
				CLANG_WARN__DUPLICATE_METHOD_MATCH = YES;
				COPY_PHASE_STRIP = NO;
				DEBUG_INFORMATION_FORMAT = dwarf;
				ENABLE_STRICT_OBJC_MSGSEND = YES;
				ENABLE_TESTABILITY = YES;
				GCC_C_LANGUAGE_STANDARD = gnu11;
				GCC_DYNAMIC_NO_PIC = NO;
				GCC_NO_COMMON_BLOCKS = YES;
				GCC_OPTIMIZATION_LEVEL = 0;
				GCC_PREPROCESSOR_DEFINITIONS = (
					"DEBUG=1",
					"$(inherited)",
				);
				GCC_WARN_64_TO_32_BIT_CONVERSION = YES;
				GCC_WARN_ABOUT_RETURN_TYPE = YES_ERROR;
				GCC_WARN_UNDECLARED_SELECTOR = YES;
				GCC_WARN_UNINITIALIZED_AUTOS = YES_AGGRESSIVE;
				GCC_WARN_UNUSED_FUNCTION = YES;
				GCC_WARN_UNUSED_VARIABLE = YES;
				IPHONEOS_DEPLOYMENT_TARGET = 16.2;
				MTL_ENABLE_DEBUG_INFO = INCLUDE_SOURCE;
				MTL_FAST_MATH = YES;
				ONLY_ACTIVE_ARCH = YES;
				SDKROOT = iphoneos;
				SWIFT_ACTIVE_COMPILATION_CONDITIONS = DEBUG;
				SWIFT_OPTIMIZATION_LEVEL = "-Onone";
			};
			name = Debug;
		};
		1A75DB4629FF43AE007C0C68 /* Release */ = {
			isa = XCBuildConfiguration;
			buildSettings = {
				ALWAYS_SEARCH_USER_PATHS = NO;
				CLANG_ANALYZER_NONNULL = YES;
				CLANG_ANALYZER_NUMBER_OBJECT_CONVERSION = YES_AGGRESSIVE;
				CLANG_CXX_LANGUAGE_STANDARD = "gnu++20";
				CLANG_ENABLE_MODULES = YES;
				CLANG_ENABLE_OBJC_ARC = YES;
				CLANG_ENABLE_OBJC_WEAK = YES;
				CLANG_WARN_BLOCK_CAPTURE_AUTORELEASING = YES;
				CLANG_WARN_BOOL_CONVERSION = YES;
				CLANG_WARN_COMMA = YES;
				CLANG_WARN_CONSTANT_CONVERSION = YES;
				CLANG_WARN_DEPRECATED_OBJC_IMPLEMENTATIONS = YES;
				CLANG_WARN_DIRECT_OBJC_ISA_USAGE = YES_ERROR;
				CLANG_WARN_DOCUMENTATION_COMMENTS = YES;
				CLANG_WARN_EMPTY_BODY = YES;
				CLANG_WARN_ENUM_CONVERSION = YES;
				CLANG_WARN_INFINITE_RECURSION = YES;
				CLANG_WARN_INT_CONVERSION = YES;
				CLANG_WARN_NON_LITERAL_NULL_CONVERSION = YES;
				CLANG_WARN_OBJC_IMPLICIT_RETAIN_SELF = YES;
				CLANG_WARN_OBJC_LITERAL_CONVERSION = YES;
				CLANG_WARN_OBJC_ROOT_CLASS = YES_ERROR;
				CLANG_WARN_QUOTED_INCLUDE_IN_FRAMEWORK_HEADER = YES;
				CLANG_WARN_RANGE_LOOP_ANALYSIS = YES;
				CLANG_WARN_STRICT_PROTOTYPES = YES;
				CLANG_WARN_SUSPICIOUS_MOVE = YES;
				CLANG_WARN_UNGUARDED_AVAILABILITY = YES_AGGRESSIVE;
				CLANG_WARN_UNREACHABLE_CODE = YES;
				CLANG_WARN__DUPLICATE_METHOD_MATCH = YES;
				COPY_PHASE_STRIP = NO;
				DEBUG_INFORMATION_FORMAT = "dwarf-with-dsym";
				ENABLE_NS_ASSERTIONS = NO;
				ENABLE_STRICT_OBJC_MSGSEND = YES;
				GCC_C_LANGUAGE_STANDARD = gnu11;
				GCC_NO_COMMON_BLOCKS = YES;
				GCC_WARN_64_TO_32_BIT_CONVERSION = YES;
				GCC_WARN_ABOUT_RETURN_TYPE = YES_ERROR;
				GCC_WARN_UNDECLARED_SELECTOR = YES;
				GCC_WARN_UNINITIALIZED_AUTOS = YES_AGGRESSIVE;
				GCC_WARN_UNUSED_FUNCTION = YES;
				GCC_WARN_UNUSED_VARIABLE = YES;
				IPHONEOS_DEPLOYMENT_TARGET = 16.2;
				MTL_ENABLE_DEBUG_INFO = NO;
				MTL_FAST_MATH = YES;
				SDKROOT = iphoneos;
				SWIFT_COMPILATION_MODE = wholemodule;
				SWIFT_OPTIMIZATION_LEVEL = "-O";
				VALIDATE_PRODUCT = YES;
			};
			name = Release;
		};
		1A75DB4829FF43AE007C0C68 /* Debug */ = {
			isa = XCBuildConfiguration;
			baseConfigurationReference = 4F2960D0508E21AF2AE64AE2 /* Pods-ProMe.debug.xcconfig */;
			buildSettings = {
				ASSETCATALOG_COMPILER_APPICON_NAME = AppIcon;
				ASSETCATALOG_COMPILER_GLOBAL_ACCENT_COLOR_NAME = AccentColor;
				CODE_SIGN_STYLE = Automatic;
				CURRENT_PROJECT_VERSION = 1;
				DEVELOPMENT_TEAM = XSC9AJPSP3;
				GENERATE_INFOPLIST_FILE = YES;
				INFOPLIST_FILE = ProMe/Info.plist;
				INFOPLIST_KEY_UIApplicationSupportsIndirectInputEvents = YES;
				INFOPLIST_KEY_UILaunchStoryboardName = LaunchScreen;
				INFOPLIST_KEY_UIMainStoryboardFile = Main;
				INFOPLIST_KEY_UISupportedInterfaceOrientations_iPad = "UIInterfaceOrientationPortrait UIInterfaceOrientationPortraitUpsideDown UIInterfaceOrientationLandscapeLeft UIInterfaceOrientationLandscapeRight";
				INFOPLIST_KEY_UISupportedInterfaceOrientations_iPhone = "UIInterfaceOrientationPortrait UIInterfaceOrientationLandscapeLeft UIInterfaceOrientationLandscapeRight";
				LD_RUNPATH_SEARCH_PATHS = (
					"$(inherited)",
					"@executable_path/Frameworks",
				);
				MARKETING_VERSION = 1.0;
				PRODUCT_BUNDLE_IDENTIFIER = jp.art.akidon.ProMe;
				PRODUCT_NAME = "$(TARGET_NAME)";
				SWIFT_EMIT_LOC_STRINGS = YES;
				SWIFT_VERSION = 5.0;
				TARGETED_DEVICE_FAMILY = "1,2";
			};
			name = Debug;
		};
		1A75DB4929FF43AE007C0C68 /* Release */ = {
			isa = XCBuildConfiguration;
			baseConfigurationReference = 9B972CC468D9330E2E03C996 /* Pods-ProMe.release.xcconfig */;
			buildSettings = {
				ASSETCATALOG_COMPILER_APPICON_NAME = AppIcon;
				ASSETCATALOG_COMPILER_GLOBAL_ACCENT_COLOR_NAME = AccentColor;
				CODE_SIGN_STYLE = Automatic;
				CURRENT_PROJECT_VERSION = 1;
				DEVELOPMENT_TEAM = XSC9AJPSP3;
				GENERATE_INFOPLIST_FILE = YES;
				INFOPLIST_FILE = ProMe/Info.plist;
				INFOPLIST_KEY_UIApplicationSupportsIndirectInputEvents = YES;
				INFOPLIST_KEY_UILaunchStoryboardName = LaunchScreen;
				INFOPLIST_KEY_UIMainStoryboardFile = Main;
				INFOPLIST_KEY_UISupportedInterfaceOrientations_iPad = "UIInterfaceOrientationPortrait UIInterfaceOrientationPortraitUpsideDown UIInterfaceOrientationLandscapeLeft UIInterfaceOrientationLandscapeRight";
				INFOPLIST_KEY_UISupportedInterfaceOrientations_iPhone = "UIInterfaceOrientationPortrait UIInterfaceOrientationLandscapeLeft UIInterfaceOrientationLandscapeRight";
				LD_RUNPATH_SEARCH_PATHS = (
					"$(inherited)",
					"@executable_path/Frameworks",
				);
				MARKETING_VERSION = 1.0;
				PRODUCT_BUNDLE_IDENTIFIER = jp.art.akidon.ProMe;
				PRODUCT_NAME = "$(TARGET_NAME)";
				SWIFT_EMIT_LOC_STRINGS = YES;
				SWIFT_VERSION = 5.0;
				TARGETED_DEVICE_FAMILY = "1,2";
			};
			name = Release;
		};
/* End XCBuildConfiguration section */

/* Begin XCConfigurationList section */
		1A75DB2E29FF43AC007C0C68 /* Build configuration list for PBXProject "ProMe" */ = {
			isa = XCConfigurationList;
			buildConfigurations = (
				1A75DB4529FF43AE007C0C68 /* Debug */,
				1A75DB4629FF43AE007C0C68 /* Release */,
			);
			defaultConfigurationIsVisible = 0;
			defaultConfigurationName = Release;
		};
		1A75DB4729FF43AE007C0C68 /* Build configuration list for PBXNativeTarget "ProMe" */ = {
			isa = XCConfigurationList;
			buildConfigurations = (
				1A75DB4829FF43AE007C0C68 /* Debug */,
				1A75DB4929FF43AE007C0C68 /* Release */,
			);
			defaultConfigurationIsVisible = 0;
			defaultConfigurationName = Release;
		};
/* End XCConfigurationList section */
	};
	rootObject = 1A75DB2B29FF43AC007C0C68 /* Project object */;
}
